// !$*UTF8*$!
{
	archiveVersion = 1;
	classes = {
	};
	objectVersion = 50;
	objects = {

/* Begin PBXBuildFile section */
		C6A7ED4F24348A44002EAE90 /* AppDelegate.swift in Sources */ = {isa = PBXBuildFile; fileRef = C6A7ED4E24348A44002EAE90 /* AppDelegate.swift */; };
		C6A7ED5124348A44002EAE90 /* SceneDelegate.swift in Sources */ = {isa = PBXBuildFile; fileRef = C6A7ED5024348A44002EAE90 /* SceneDelegate.swift */; };
		C6A7ED5324348A44002EAE90 /* ViewController.swift in Sources */ = {isa = PBXBuildFile; fileRef = C6A7ED5224348A44002EAE90 /* ViewController.swift */; };
		C6A7ED5624348A44002EAE90 /* Main.storyboard in Resources */ = {isa = PBXBuildFile; fileRef = C6A7ED5424348A44002EAE90 /* Main.storyboard */; };
		C6A7ED5824348A45002EAE90 /* Assets.xcassets in Resources */ = {isa = PBXBuildFile; fileRef = C6A7ED5724348A45002EAE90 /* Assets.xcassets */; };
		C6A7ED5B24348A45002EAE90 /* LaunchScreen.storyboard in Resources */ = {isa = PBXBuildFile; fileRef = C6A7ED5924348A45002EAE90 /* LaunchScreen.storyboard */; };
		C6A7ED6624348A45002EAE90 /* GraphQL_and_REST_APITests.swift in Sources */ = {isa = PBXBuildFile; fileRef = C6A7ED6524348A45002EAE90 /* GraphQL_and_REST_APITests.swift */; };
		C6A7ED7124348A45002EAE90 /* GraphQL_and_REST_APIUITests.swift in Sources */ = {isa = PBXBuildFile; fileRef = C6A7ED7024348A45002EAE90 /* GraphQL_and_REST_APIUITests.swift */; };
		C6A7ED7F24348C27002EAE90 /* Requestable.swift in Sources */ = {isa = PBXBuildFile; fileRef = C6A7ED7E24348C27002EAE90 /* Requestable.swift */; };
		C6F8C69A2435AE59007923B2 /* Events.swift in Sources */ = {isa = PBXBuildFile; fileRef = C6F8C6992435AE59007923B2 /* Events.swift */; };
		C6F8C69D2435AE9B007923B2 /* Actor.swift in Sources */ = {isa = PBXBuildFile; fileRef = C6F8C69C2435AE9B007923B2 /* Actor.swift */; };
		C6F8C69F2435AFC5007923B2 /* Repo.swift in Sources */ = {isa = PBXBuildFile; fileRef = C6F8C69E2435AFC5007923B2 /* Repo.swift */; };
		C6F8C6A32435B484007923B2 /* Event.swift in Sources */ = {isa = PBXBuildFile; fileRef = C6F8C6A22435B484007923B2 /* Event.swift */; };
		C6F8C6A52435B5F5007923B2 /* API.swift in Sources */ = {isa = PBXBuildFile; fileRef = C6F8C6A42435B5F5007923B2 /* API.swift */; };
		C6F8C6A72435C532007923B2 /* EventCell.swift in Sources */ = {isa = PBXBuildFile; fileRef = C6F8C6A62435C532007923B2 /* EventCell.swift */; };
		C6FF93972436CFCD004605F1 /* schema.json in Resources */ = {isa = PBXBuildFile; fileRef = C6FF93962436CFCD004605F1 /* schema.json */; };
		C6FF939A2436E2BA004605F1 /* GraphQLAPI.graphql in Resources */ = {isa = PBXBuildFile; fileRef = C6FF93992436E2BA004605F1 /* GraphQLAPI.graphql */; };
		C6FF939C243701CC004605F1 /* GraphQLAPI.swift in Sources */ = {isa = PBXBuildFile; fileRef = C6FF939B243701CC004605F1 /* GraphQLAPI.swift */; };
		C6FF93BB24370DF2004605F1 /* Apollo.framework in Frameworks */ = {isa = PBXBuildFile; fileRef = C6FF93BA24370DF2004605F1 /* Apollo.framework */; };
		C6FF93BC24370DF2004605F1 /* Apollo.framework in Embed Frameworks */ = {isa = PBXBuildFile; fileRef = C6FF93BA24370DF2004605F1 /* Apollo.framework */; settings = {ATTRIBUTES = (CodeSignOnCopy, RemoveHeadersOnCopy, ); }; };
/* End PBXBuildFile section */

/* Begin PBXContainerItemProxy section */
		C6A7ED6224348A45002EAE90 /* PBXContainerItemProxy */ = {
			isa = PBXContainerItemProxy;
			containerPortal = C6A7ED4324348A44002EAE90 /* Project object */;
			proxyType = 1;
			remoteGlobalIDString = C6A7ED4A24348A44002EAE90;
			remoteInfo = "GraphQL and REST API";
		};
		C6A7ED6D24348A45002EAE90 /* PBXContainerItemProxy */ = {
			isa = PBXContainerItemProxy;
			containerPortal = C6A7ED4324348A44002EAE90 /* Project object */;
			proxyType = 1;
			remoteGlobalIDString = C6A7ED4A24348A44002EAE90;
			remoteInfo = "GraphQL and REST API";
		};
/* End PBXContainerItemProxy section */

/* Begin PBXCopyFilesBuildPhase section */
		C6FF93BD24370DF2004605F1 /* Embed Frameworks */ = {
			isa = PBXCopyFilesBuildPhase;
			buildActionMask = 2147483647;
			dstPath = "";
			dstSubfolderSpec = 10;
			files = (
				C6FF93BC24370DF2004605F1 /* Apollo.framework in Embed Frameworks */,
			);
			name = "Embed Frameworks";
			runOnlyForDeploymentPostprocessing = 0;
		};
/* End PBXCopyFilesBuildPhase section */

/* Begin PBXFileReference section */
		C6A7ED4B24348A44002EAE90 /* GraphQL and REST API.app */ = {isa = PBXFileReference; explicitFileType = wrapper.application; includeInIndex = 0; path = "GraphQL and REST API.app"; sourceTree = BUILT_PRODUCTS_DIR; };
		C6A7ED4E24348A44002EAE90 /* AppDelegate.swift */ = {isa = PBXFileReference; lastKnownFileType = sourcecode.swift; path = AppDelegate.swift; sourceTree = "<group>"; };
		C6A7ED5024348A44002EAE90 /* SceneDelegate.swift */ = {isa = PBXFileReference; lastKnownFileType = sourcecode.swift; path = SceneDelegate.swift; sourceTree = "<group>"; };
		C6A7ED5224348A44002EAE90 /* ViewController.swift */ = {isa = PBXFileReference; lastKnownFileType = sourcecode.swift; path = ViewController.swift; sourceTree = "<group>"; };
		C6A7ED5524348A44002EAE90 /* Base */ = {isa = PBXFileReference; lastKnownFileType = file.storyboard; name = Base; path = Base.lproj/Main.storyboard; sourceTree = "<group>"; };
		C6A7ED5724348A45002EAE90 /* Assets.xcassets */ = {isa = PBXFileReference; lastKnownFileType = folder.assetcatalog; path = Assets.xcassets; sourceTree = "<group>"; };
		C6A7ED5A24348A45002EAE90 /* Base */ = {isa = PBXFileReference; lastKnownFileType = file.storyboard; name = Base; path = Base.lproj/LaunchScreen.storyboard; sourceTree = "<group>"; };
		C6A7ED5C24348A45002EAE90 /* Info.plist */ = {isa = PBXFileReference; lastKnownFileType = text.plist.xml; path = Info.plist; sourceTree = "<group>"; };
		C6A7ED6124348A45002EAE90 /* GraphQL and REST APITests.xctest */ = {isa = PBXFileReference; explicitFileType = wrapper.cfbundle; includeInIndex = 0; path = "GraphQL and REST APITests.xctest"; sourceTree = BUILT_PRODUCTS_DIR; };
		C6A7ED6524348A45002EAE90 /* GraphQL_and_REST_APITests.swift */ = {isa = PBXFileReference; lastKnownFileType = sourcecode.swift; path = GraphQL_and_REST_APITests.swift; sourceTree = "<group>"; };
		C6A7ED6724348A45002EAE90 /* Info.plist */ = {isa = PBXFileReference; lastKnownFileType = text.plist.xml; path = Info.plist; sourceTree = "<group>"; };
		C6A7ED6C24348A45002EAE90 /* GraphQL and REST APIUITests.xctest */ = {isa = PBXFileReference; explicitFileType = wrapper.cfbundle; includeInIndex = 0; path = "GraphQL and REST APIUITests.xctest"; sourceTree = BUILT_PRODUCTS_DIR; };
		C6A7ED7024348A45002EAE90 /* GraphQL_and_REST_APIUITests.swift */ = {isa = PBXFileReference; lastKnownFileType = sourcecode.swift; path = GraphQL_and_REST_APIUITests.swift; sourceTree = "<group>"; };
		C6A7ED7224348A45002EAE90 /* Info.plist */ = {isa = PBXFileReference; lastKnownFileType = text.plist.xml; path = Info.plist; sourceTree = "<group>"; };
		C6A7ED7E24348C27002EAE90 /* Requestable.swift */ = {isa = PBXFileReference; fileEncoding = 4; lastKnownFileType = sourcecode.swift; path = Requestable.swift; sourceTree = "<group>"; };
		C6F8C6992435AE59007923B2 /* Events.swift */ = {isa = PBXFileReference; lastKnownFileType = sourcecode.swift; path = Events.swift; sourceTree = "<group>"; };
		C6F8C69C2435AE9B007923B2 /* Actor.swift */ = {isa = PBXFileReference; lastKnownFileType = sourcecode.swift; path = Actor.swift; sourceTree = "<group>"; };
		C6F8C69E2435AFC5007923B2 /* Repo.swift */ = {isa = PBXFileReference; lastKnownFileType = sourcecode.swift; path = Repo.swift; sourceTree = "<group>"; };
		C6F8C6A22435B484007923B2 /* Event.swift */ = {isa = PBXFileReference; lastKnownFileType = sourcecode.swift; path = Event.swift; sourceTree = "<group>"; };
		C6F8C6A42435B5F5007923B2 /* API.swift */ = {isa = PBXFileReference; lastKnownFileType = sourcecode.swift; path = API.swift; sourceTree = "<group>"; };
		C6F8C6A62435C532007923B2 /* EventCell.swift */ = {isa = PBXFileReference; lastKnownFileType = sourcecode.swift; path = EventCell.swift; sourceTree = "<group>"; };
		C6FF93962436CFCD004605F1 /* schema.json */ = {isa = PBXFileReference; fileEncoding = 4; lastKnownFileType = text.json; path = schema.json; sourceTree = "<group>"; };
		C6FF93992436E2BA004605F1 /* GraphQLAPI.graphql */ = {isa = PBXFileReference; fileEncoding = 4; lastKnownFileType = text; path = GraphQLAPI.graphql; sourceTree = "<group>"; };
		C6FF939B243701CC004605F1 /* GraphQLAPI.swift */ = {isa = PBXFileReference; fileEncoding = 4; lastKnownFileType = sourcecode.swift; path = GraphQLAPI.swift; sourceTree = "<group>"; };
		C6FF93BA24370DF2004605F1 /* Apollo.framework */ = {isa = PBXFileReference; lastKnownFileType = wrapper.framework; name = Apollo.framework; path = Carthage/Build/iOS/Apollo.framework; sourceTree = "<group>"; };
/* End PBXFileReference section */

/* Begin PBXFrameworksBuildPhase section */
		C6A7ED4824348A44002EAE90 /* Frameworks */ = {
			isa = PBXFrameworksBuildPhase;
			buildActionMask = 2147483647;
			files = (
				C6FF93BB24370DF2004605F1 /* Apollo.framework in Frameworks */,
			);
			runOnlyForDeploymentPostprocessing = 0;
		};
		C6A7ED5E24348A45002EAE90 /* Frameworks */ = {
			isa = PBXFrameworksBuildPhase;
			buildActionMask = 2147483647;
			files = (
			);
			runOnlyForDeploymentPostprocessing = 0;
		};
		C6A7ED6924348A45002EAE90 /* Frameworks */ = {
			isa = PBXFrameworksBuildPhase;
			buildActionMask = 2147483647;
			files = (
			);
			runOnlyForDeploymentPostprocessing = 0;
		};
/* End PBXFrameworksBuildPhase section */

/* Begin PBXGroup section */
		C6A7ED4224348A44002EAE90 = {
			isa = PBXGroup;
			children = (
				C6A7ED4D24348A44002EAE90 /* GraphQL and REST API */,
				C6A7ED6424348A45002EAE90 /* GraphQL and REST APITests */,
				C6A7ED6F24348A45002EAE90 /* GraphQL and REST APIUITests */,
				C6A7ED4C24348A44002EAE90 /* Products */,
				C6FF939D243701F8004605F1 /* Frameworks */,
			);
			sourceTree = "<group>";
		};
		C6A7ED4C24348A44002EAE90 /* Products */ = {
			isa = PBXGroup;
			children = (
				C6A7ED4B24348A44002EAE90 /* GraphQL and REST API.app */,
				C6A7ED6124348A45002EAE90 /* GraphQL and REST APITests.xctest */,
				C6A7ED6C24348A45002EAE90 /* GraphQL and REST APIUITests.xctest */,
			);
			name = Products;
			sourceTree = "<group>";
		};
		C6A7ED4D24348A44002EAE90 /* GraphQL and REST API */ = {
			isa = PBXGroup;
			children = (
				C6FF939B243701CC004605F1 /* GraphQLAPI.swift */,
				C6FF93992436E2BA004605F1 /* GraphQLAPI.graphql */,
				C6FF93962436CFCD004605F1 /* schema.json */,
				C6F8C69B2435AE85007923B2 /* Model */,
				C6F8C6982435AE2C007923B2 /* Request */,
				C6A7ED7E24348C27002EAE90 /* Requestable.swift */,
				C6A7ED4E24348A44002EAE90 /* AppDelegate.swift */,
				C6A7ED5024348A44002EAE90 /* SceneDelegate.swift */,
				C6A7ED5224348A44002EAE90 /* ViewController.swift */,
				C6A7ED5424348A44002EAE90 /* Main.storyboard */,
				C6A7ED5724348A45002EAE90 /* Assets.xcassets */,
				C6A7ED5924348A45002EAE90 /* LaunchScreen.storyboard */,
				C6A7ED5C24348A45002EAE90 /* Info.plist */,
				C6F8C6A42435B5F5007923B2 /* API.swift */,
				C6F8C6A62435C532007923B2 /* EventCell.swift */,
			);
			path = "GraphQL and REST API";
			sourceTree = "<group>";
		};
		C6A7ED6424348A45002EAE90 /* GraphQL and REST APITests */ = {
			isa = PBXGroup;
			children = (
				C6A7ED6524348A45002EAE90 /* GraphQL_and_REST_APITests.swift */,
				C6A7ED6724348A45002EAE90 /* Info.plist */,
			);
			path = "GraphQL and REST APITests";
			sourceTree = "<group>";
		};
		C6A7ED6F24348A45002EAE90 /* GraphQL and REST APIUITests */ = {
			isa = PBXGroup;
			children = (
				C6A7ED7024348A45002EAE90 /* GraphQL_and_REST_APIUITests.swift */,
				C6A7ED7224348A45002EAE90 /* Info.plist */,
			);
			path = "GraphQL and REST APIUITests";
			sourceTree = "<group>";
		};
		C6F8C6982435AE2C007923B2 /* Request */ = {
			isa = PBXGroup;
			children = (
				C6F8C6992435AE59007923B2 /* Events.swift */,
			);
			path = Request;
			sourceTree = "<group>";
		};
		C6F8C69B2435AE85007923B2 /* Model */ = {
			isa = PBXGroup;
			children = (
				C6F8C69C2435AE9B007923B2 /* Actor.swift */,
				C6F8C69E2435AFC5007923B2 /* Repo.swift */,
				C6F8C6A22435B484007923B2 /* Event.swift */,
			);
			path = Model;
			sourceTree = "<group>";
		};
		C6FF939D243701F8004605F1 /* Frameworks */ = {
			isa = PBXGroup;
			children = (
				C6FF93BA24370DF2004605F1 /* Apollo.framework */,
			);
			name = Frameworks;
			sourceTree = "<group>";
		};
/* End PBXGroup section */

/* Begin PBXNativeTarget section */
		C6A7ED4A24348A44002EAE90 /* GraphQL and REST API */ = {
			isa = PBXNativeTarget;
			buildConfigurationList = C6A7ED7524348A45002EAE90 /* Build configuration list for PBXNativeTarget "GraphQL and REST API" */;
			buildPhases = (
				C6FF93982436DC2C004605F1 /* Generate Apollo GraphQL API */,
				C6A7ED4724348A44002EAE90 /* Sources */,
				C6A7ED4824348A44002EAE90 /* Frameworks */,
				C6A7ED4924348A44002EAE90 /* Resources */,
				C60C96EE2435D739000845A3 /* Carthage */,
				C6FF93BD24370DF2004605F1 /* Embed Frameworks */,
			);
			buildRules = (
			);
			dependencies = (
			);
			name = "GraphQL and REST API";
			productName = "GraphQL and REST API";
			productReference = C6A7ED4B24348A44002EAE90 /* GraphQL and REST API.app */;
			productType = "com.apple.product-type.application";
		};
		C6A7ED6024348A45002EAE90 /* GraphQL and REST APITests */ = {
			isa = PBXNativeTarget;
			buildConfigurationList = C6A7ED7824348A45002EAE90 /* Build configuration list for PBXNativeTarget "GraphQL and REST APITests" */;
			buildPhases = (
				C6A7ED5D24348A45002EAE90 /* Sources */,
				C6A7ED5E24348A45002EAE90 /* Frameworks */,
				C6A7ED5F24348A45002EAE90 /* Resources */,
			);
			buildRules = (
			);
			dependencies = (
				C6A7ED6324348A45002EAE90 /* PBXTargetDependency */,
			);
			name = "GraphQL and REST APITests";
			productName = "GraphQL and REST APITests";
			productReference = C6A7ED6124348A45002EAE90 /* GraphQL and REST APITests.xctest */;
			productType = "com.apple.product-type.bundle.unit-test";
		};
		C6A7ED6B24348A45002EAE90 /* GraphQL and REST APIUITests */ = {
			isa = PBXNativeTarget;
			buildConfigurationList = C6A7ED7B24348A45002EAE90 /* Build configuration list for PBXNativeTarget "GraphQL and REST APIUITests" */;
			buildPhases = (
				C6A7ED6824348A45002EAE90 /* Sources */,
				C6A7ED6924348A45002EAE90 /* Frameworks */,
				C6A7ED6A24348A45002EAE90 /* Resources */,
			);
			buildRules = (
			);
			dependencies = (
				C6A7ED6E24348A45002EAE90 /* PBXTargetDependency */,
			);
			name = "GraphQL and REST APIUITests";
			productName = "GraphQL and REST APIUITests";
			productReference = C6A7ED6C24348A45002EAE90 /* GraphQL and REST APIUITests.xctest */;
			productType = "com.apple.product-type.bundle.ui-testing";
		};
/* End PBXNativeTarget section */

/* Begin PBXProject section */
		C6A7ED4324348A44002EAE90 /* Project object */ = {
			isa = PBXProject;
			attributes = {
				LastSwiftUpdateCheck = 1140;
				LastUpgradeCheck = 1140;
				ORGANIZATIONNAME = aryzae;
				TargetAttributes = {
					C6A7ED4A24348A44002EAE90 = {
						CreatedOnToolsVersion = 11.4;
					};
					C6A7ED6024348A45002EAE90 = {
						CreatedOnToolsVersion = 11.4;
						TestTargetID = C6A7ED4A24348A44002EAE90;
					};
					C6A7ED6B24348A45002EAE90 = {
						CreatedOnToolsVersion = 11.4;
						TestTargetID = C6A7ED4A24348A44002EAE90;
					};
				};
			};
			buildConfigurationList = C6A7ED4624348A44002EAE90 /* Build configuration list for PBXProject "GraphQL and REST API" */;
			compatibilityVersion = "Xcode 9.3";
			developmentRegion = en;
			hasScannedForEncodings = 0;
			knownRegions = (
				en,
				Base,
			);
			mainGroup = C6A7ED4224348A44002EAE90;
			productRefGroup = C6A7ED4C24348A44002EAE90 /* Products */;
			projectDirPath = "";
			projectRoot = "";
			targets = (
				C6A7ED4A24348A44002EAE90 /* GraphQL and REST API */,
				C6A7ED6024348A45002EAE90 /* GraphQL and REST APITests */,
				C6A7ED6B24348A45002EAE90 /* GraphQL and REST APIUITests */,
			);
		};
/* End PBXProject section */

/* Begin PBXResourcesBuildPhase section */
		C6A7ED4924348A44002EAE90 /* Resources */ = {
			isa = PBXResourcesBuildPhase;
			buildActionMask = 2147483647;
			files = (
				C6FF93972436CFCD004605F1 /* schema.json in Resources */,
				C6FF939A2436E2BA004605F1 /* GraphQLAPI.graphql in Resources */,
				C6A7ED5B24348A45002EAE90 /* LaunchScreen.storyboard in Resources */,
				C6A7ED5824348A45002EAE90 /* Assets.xcassets in Resources */,
				C6A7ED5624348A44002EAE90 /* Main.storyboard in Resources */,
			);
			runOnlyForDeploymentPostprocessing = 0;
		};
		C6A7ED5F24348A45002EAE90 /* Resources */ = {
			isa = PBXResourcesBuildPhase;
			buildActionMask = 2147483647;
			files = (
			);
			runOnlyForDeploymentPostprocessing = 0;
		};
		C6A7ED6A24348A45002EAE90 /* Resources */ = {
			isa = PBXResourcesBuildPhase;
			buildActionMask = 2147483647;
			files = (
			);
			runOnlyForDeploymentPostprocessing = 0;
		};
/* End PBXResourcesBuildPhase section */

/* Begin PBXShellScriptBuildPhase section */
		C60C96EE2435D739000845A3 /* Carthage */ = {
			isa = PBXShellScriptBuildPhase;
			buildActionMask = 2147483647;
			files = (
			);
			inputFileListPaths = (
			);
			inputPaths = (
				"${SRCROOT}/Carthage/Build/iOS/Apollo.framework",
			);
			name = Carthage;
			outputFileListPaths = (
			);
			outputPaths = (
			);
			runOnlyForDeploymentPostprocessing = 0;
			shellPath = /bin/sh;
			shellScript = "# Type a script or drag a script file from your workspace to insert its path.\n/usr/local/bin/carthage copy-frameworks\n";
		};
		C6FF93982436DC2C004605F1 /* Generate Apollo GraphQL API */ = {
			isa = PBXShellScriptBuildPhase;
			buildActionMask = 2147483647;
			files = (
			);
			inputFileListPaths = (
			);
			inputPaths = (
			);
			name = "Generate Apollo GraphQL API";
			outputFileListPaths = (
			);
			outputPaths = (
			);
			runOnlyForDeploymentPostprocessing = 0;
			shellPath = /bin/sh;
			shellScript = "# Type a script or drag a script file from your workspace to insert its path.\nSCRIPT_PATH=\"${SRCROOT}/Carthage/Checkouts/apollo-ios/scripts\"\ncd \"${SRCROOT}/${TARGET_NAME}\"\n\"${SCRIPT_PATH}\"/run-bundled-codegen.sh codegen:generate --target=swift --includes=./**/*.graphql --localSchemaFile=\"schema.json\" GraphQLAPI.swift\n";
		};
/* End PBXShellScriptBuildPhase section */

/* Begin PBXSourcesBuildPhase section */
		C6A7ED4724348A44002EAE90 /* Sources */ = {
			isa = PBXSourcesBuildPhase;
			buildActionMask = 2147483647;
			files = (
				C6F8C6A32435B484007923B2 /* Event.swift in Sources */,
				C6F8C69F2435AFC5007923B2 /* Repo.swift in Sources */,
				C6F8C6A72435C532007923B2 /* EventCell.swift in Sources */,
				C6A7ED5324348A44002EAE90 /* ViewController.swift in Sources */,
				C6A7ED7F24348C27002EAE90 /* Requestable.swift in Sources */,
				C6FF939C243701CC004605F1 /* GraphQLAPI.swift in Sources */,
				C6A7ED4F24348A44002EAE90 /* AppDelegate.swift in Sources */,
				C6F8C69D2435AE9B007923B2 /* Actor.swift in Sources */,
				C6A7ED5124348A44002EAE90 /* SceneDelegate.swift in Sources */,
				C6F8C6A52435B5F5007923B2 /* API.swift in Sources */,
				C6F8C69A2435AE59007923B2 /* Events.swift in Sources */,
			);
			runOnlyForDeploymentPostprocessing = 0;
		};
		C6A7ED5D24348A45002EAE90 /* Sources */ = {
			isa = PBXSourcesBuildPhase;
			buildActionMask = 2147483647;
			files = (
				C6A7ED6624348A45002EAE90 /* GraphQL_and_REST_APITests.swift in Sources */,
			);
			runOnlyForDeploymentPostprocessing = 0;
		};
		C6A7ED6824348A45002EAE90 /* Sources */ = {
			isa = PBXSourcesBuildPhase;
			buildActionMask = 2147483647;
			files = (
				C6A7ED7124348A45002EAE90 /* GraphQL_and_REST_APIUITests.swift in Sources */,
			);
			runOnlyForDeploymentPostprocessing = 0;
		};
/* End PBXSourcesBuildPhase section */

/* Begin PBXTargetDependency section */
		C6A7ED6324348A45002EAE90 /* PBXTargetDependency */ = {
			isa = PBXTargetDependency;
			target = C6A7ED4A24348A44002EAE90 /* GraphQL and REST API */;
			targetProxy = C6A7ED6224348A45002EAE90 /* PBXContainerItemProxy */;
		};
		C6A7ED6E24348A45002EAE90 /* PBXTargetDependency */ = {
			isa = PBXTargetDependency;
			target = C6A7ED4A24348A44002EAE90 /* GraphQL and REST API */;
			targetProxy = C6A7ED6D24348A45002EAE90 /* PBXContainerItemProxy */;
		};
/* End PBXTargetDependency section */

/* Begin PBXVariantGroup section */
		C6A7ED5424348A44002EAE90 /* Main.storyboard */ = {
			isa = PBXVariantGroup;
			children = (
				C6A7ED5524348A44002EAE90 /* Base */,
			);
			name = Main.storyboard;
			sourceTree = "<group>";
		};
		C6A7ED5924348A45002EAE90 /* LaunchScreen.storyboard */ = {
			isa = PBXVariantGroup;
			children = (
				C6A7ED5A24348A45002EAE90 /* Base */,
			);
			name = LaunchScreen.storyboard;
			sourceTree = "<group>";
		};
/* End PBXVariantGroup section */

/* Begin XCBuildConfiguration section */
		C6A7ED7324348A45002EAE90 /* Debug */ = {
			isa = XCBuildConfiguration;
			buildSettings = {
				ALWAYS_SEARCH_USER_PATHS = NO;
				CLANG_ANALYZER_NONNULL = YES;
				CLANG_ANALYZER_NUMBER_OBJECT_CONVERSION = YES_AGGRESSIVE;
				CLANG_CXX_LANGUAGE_STANDARD = "gnu++14";
				CLANG_CXX_LIBRARY = "libc++";
				CLANG_ENABLE_MODULES = YES;
				CLANG_ENABLE_OBJC_ARC = YES;
				CLANG_ENABLE_OBJC_WEAK = YES;
				CLANG_WARN_BLOCK_CAPTURE_AUTORELEASING = YES;
				CLANG_WARN_BOOL_CONVERSION = YES;
				CLANG_WARN_COMMA = YES;
				CLANG_WARN_CONSTANT_CONVERSION = YES;
				CLANG_WARN_DEPRECATED_OBJC_IMPLEMENTATIONS = YES;
				CLANG_WARN_DIRECT_OBJC_ISA_USAGE = YES_ERROR;
				CLANG_WARN_DOCUMENTATION_COMMENTS = YES;
				CLANG_WARN_EMPTY_BODY = YES;
				CLANG_WARN_ENUM_CONVERSION = YES;
				CLANG_WARN_INFINITE_RECURSION = YES;
				CLANG_WARN_INT_CONVERSION = YES;
				CLANG_WARN_NON_LITERAL_NULL_CONVERSION = YES;
				CLANG_WARN_OBJC_IMPLICIT_RETAIN_SELF = YES;
				CLANG_WARN_OBJC_LITERAL_CONVERSION = YES;
				CLANG_WARN_OBJC_ROOT_CLASS = YES_ERROR;
				CLANG_WARN_RANGE_LOOP_ANALYSIS = YES;
				CLANG_WARN_STRICT_PROTOTYPES = YES;
				CLANG_WARN_SUSPICIOUS_MOVE = YES;
				CLANG_WARN_UNGUARDED_AVAILABILITY = YES_AGGRESSIVE;
				CLANG_WARN_UNREACHABLE_CODE = YES;
				CLANG_WARN__DUPLICATE_METHOD_MATCH = YES;
				COPY_PHASE_STRIP = NO;
				DEBUG_INFORMATION_FORMAT = dwarf;
				ENABLE_STRICT_OBJC_MSGSEND = YES;
				ENABLE_TESTABILITY = YES;
				GCC_C_LANGUAGE_STANDARD = gnu11;
				GCC_DYNAMIC_NO_PIC = NO;
				GCC_NO_COMMON_BLOCKS = YES;
				GCC_OPTIMIZATION_LEVEL = 0;
				GCC_PREPROCESSOR_DEFINITIONS = (
					"DEBUG=1",
					"$(inherited)",
				);
				GCC_WARN_64_TO_32_BIT_CONVERSION = YES;
				GCC_WARN_ABOUT_RETURN_TYPE = YES_ERROR;
				GCC_WARN_UNDECLARED_SELECTOR = YES;
				GCC_WARN_UNINITIALIZED_AUTOS = YES_AGGRESSIVE;
				GCC_WARN_UNUSED_FUNCTION = YES;
				GCC_WARN_UNUSED_VARIABLE = YES;
				IPHONEOS_DEPLOYMENT_TARGET = 13.0;
				MTL_ENABLE_DEBUG_INFO = INCLUDE_SOURCE;
				MTL_FAST_MATH = YES;
				ONLY_ACTIVE_ARCH = YES;
				SDKROOT = iphoneos;
				SWIFT_ACTIVE_COMPILATION_CONDITIONS = DEBUG;
				SWIFT_OPTIMIZATION_LEVEL = "-Onone";
				SWIFT_VERSION = 4.2;
			};
			name = Debug;
		};
		C6A7ED7424348A45002EAE90 /* Release */ = {
			isa = XCBuildConfiguration;
			buildSettings = {
				ALWAYS_SEARCH_USER_PATHS = NO;
				CLANG_ANALYZER_NONNULL = YES;
				CLANG_ANALYZER_NUMBER_OBJECT_CONVERSION = YES_AGGRESSIVE;
				CLANG_CXX_LANGUAGE_STANDARD = "gnu++14";
				CLANG_CXX_LIBRARY = "libc++";
				CLANG_ENABLE_MODULES = YES;
				CLANG_ENABLE_OBJC_ARC = YES;
				CLANG_ENABLE_OBJC_WEAK = YES;
				CLANG_WARN_BLOCK_CAPTURE_AUTORELEASING = YES;
				CLANG_WARN_BOOL_CONVERSION = YES;
				CLANG_WARN_COMMA = YES;
				CLANG_WARN_CONSTANT_CONVERSION = YES;
				CLANG_WARN_DEPRECATED_OBJC_IMPLEMENTATIONS = YES;
				CLANG_WARN_DIRECT_OBJC_ISA_USAGE = YES_ERROR;
				CLANG_WARN_DOCUMENTATION_COMMENTS = YES;
				CLANG_WARN_EMPTY_BODY = YES;
				CLANG_WARN_ENUM_CONVERSION = YES;
				CLANG_WARN_INFINITE_RECURSION = YES;
				CLANG_WARN_INT_CONVERSION = YES;
				CLANG_WARN_NON_LITERAL_NULL_CONVERSION = YES;
				CLANG_WARN_OBJC_IMPLICIT_RETAIN_SELF = YES;
				CLANG_WARN_OBJC_LITERAL_CONVERSION = YES;
				CLANG_WARN_OBJC_ROOT_CLASS = YES_ERROR;
				CLANG_WARN_RANGE_LOOP_ANALYSIS = YES;
				CLANG_WARN_STRICT_PROTOTYPES = YES;
				CLANG_WARN_SUSPICIOUS_MOVE = YES;
				CLANG_WARN_UNGUARDED_AVAILABILITY = YES_AGGRESSIVE;
				CLANG_WARN_UNREACHABLE_CODE = YES;
				CLANG_WARN__DUPLICATE_METHOD_MATCH = YES;
				COPY_PHASE_STRIP = NO;
				DEBUG_INFORMATION_FORMAT = "dwarf-with-dsym";
				ENABLE_NS_ASSERTIONS = NO;
				ENABLE_STRICT_OBJC_MSGSEND = YES;
				GCC_C_LANGUAGE_STANDARD = gnu11;
				GCC_NO_COMMON_BLOCKS = YES;
				GCC_WARN_64_TO_32_BIT_CONVERSION = YES;
				GCC_WARN_ABOUT_RETURN_TYPE = YES_ERROR;
				GCC_WARN_UNDECLARED_SELECTOR = YES;
				GCC_WARN_UNINITIALIZED_AUTOS = YES_AGGRESSIVE;
				GCC_WARN_UNUSED_FUNCTION = YES;
				GCC_WARN_UNUSED_VARIABLE = YES;
				IPHONEOS_DEPLOYMENT_TARGET = 13.0;
				MTL_ENABLE_DEBUG_INFO = NO;
				MTL_FAST_MATH = YES;
				SDKROOT = iphoneos;
				SWIFT_COMPILATION_MODE = wholemodule;
				SWIFT_OPTIMIZATION_LEVEL = "-O";
				SWIFT_VERSION = 4.2;
				VALIDATE_PRODUCT = YES;
			};
			name = Release;
		};
		C6A7ED7624348A45002EAE90 /* Debug */ = {
			isa = XCBuildConfiguration;
			buildSettings = {
				ASSETCATALOG_COMPILER_APPICON_NAME = AppIcon;
				CODE_SIGN_STYLE = Automatic;
				DEVELOPMENT_TEAM = U38WFWB5D6;
				FRAMEWORK_SEARCH_PATHS = (
					"$(inherited)",
					"$(PROJECT_DIR)/Carthage/Build/iOS",
				);
				INFOPLIST_FILE = "GraphQL and REST API/Info.plist";
				IPHONEOS_DEPLOYMENT_TARGET = 13.0;
				LD_RUNPATH_SEARCH_PATHS = (
					"$(inherited)",
					"@executable_path/Frameworks",
				);
				PRODUCT_BUNDLE_IDENTIFIER = "jp.aryzae.GraphQL-and-REST-API";
				PRODUCT_NAME = "$(TARGET_NAME)";
				SWIFT_VERSION = 4.2;
				TARGETED_DEVICE_FAMILY = 1;
			};
			name = Debug;
		};
		C6A7ED7724348A45002EAE90 /* Release */ = {
			isa = XCBuildConfiguration;
			buildSettings = {
				ASSETCATALOG_COMPILER_APPICON_NAME = AppIcon;
				CODE_SIGN_STYLE = Automatic;
				DEVELOPMENT_TEAM = U38WFWB5D6;
				FRAMEWORK_SEARCH_PATHS = (
					"$(inherited)",
					"$(PROJECT_DIR)/Carthage/Build/iOS",
				);
				INFOPLIST_FILE = "GraphQL and REST API/Info.plist";
				IPHONEOS_DEPLOYMENT_TARGET = 13.0;
				LD_RUNPATH_SEARCH_PATHS = (
					"$(inherited)",
					"@executable_path/Frameworks",
				);
				PRODUCT_BUNDLE_IDENTIFIER = "jp.aryzae.GraphQL-and-REST-API";
				PRODUCT_NAME = "$(TARGET_NAME)";
				SWIFT_VERSION = 4.2;
				TARGETED_DEVICE_FAMILY = 1;
			};
			name = Release;
		};
		C6A7ED7924348A45002EAE90 /* Debug */ = {
			isa = XCBuildConfiguration;
			buildSettings = {
				ALWAYS_EMBED_SWIFT_STANDARD_LIBRARIES = YES;
				BUNDLE_LOADER = "$(TEST_HOST)";
				CODE_SIGN_STYLE = Automatic;
				DEVELOPMENT_TEAM = U38WFWB5D6;
				INFOPLIST_FILE = "GraphQL and REST APITests/Info.plist";
				IPHONEOS_DEPLOYMENT_TARGET = 13.4;
				LD_RUNPATH_SEARCH_PATHS = (
					"$(inherited)",
					"@executable_path/Frameworks",
					"@loader_path/Frameworks",
				);
				PRODUCT_BUNDLE_IDENTIFIER = "jp.aryzae.GraphQL-and-REST-APITests";
				PRODUCT_NAME = "$(TARGET_NAME)";
				SWIFT_VERSION = 4.2;
				TARGETED_DEVICE_FAMILY = "1,2";
				TEST_HOST = "$(BUILT_PRODUCTS_DIR)/GraphQL and REST API.app/GraphQL and REST API";
			};
			name = Debug;
		};
		C6A7ED7A24348A45002EAE90 /* Release */ = {
			isa = XCBuildConfiguration;
			buildSettings = {
				ALWAYS_EMBED_SWIFT_STANDARD_LIBRARIES = YES;
				BUNDLE_LOADER = "$(TEST_HOST)";
				CODE_SIGN_STYLE = Automatic;
				DEVELOPMENT_TEAM = U38WFWB5D6;
				INFOPLIST_FILE = "GraphQL and REST APITests/Info.plist";
				IPHONEOS_DEPLOYMENT_TARGET = 13.4;
				LD_RUNPATH_SEARCH_PATHS = (
					"$(inherited)",
					"@executable_path/Frameworks",
					"@loader_path/Frameworks",
				);
				PRODUCT_BUNDLE_IDENTIFIER = "jp.aryzae.GraphQL-and-REST-APITests";
				PRODUCT_NAME = "$(TARGET_NAME)";
				SWIFT_VERSION = 4.2;
				TARGETED_DEVICE_FAMILY = "1,2";
				TEST_HOST = "$(BUILT_PRODUCTS_DIR)/GraphQL and REST API.app/GraphQL and REST API";
			};
			name = Release;
		};
		C6A7ED7C24348A45002EAE90 /* Debug */ = {
			isa = XCBuildConfiguration;
			buildSettings = {
				ALWAYS_EMBED_SWIFT_STANDARD_LIBRARIES = YES;
				CODE_SIGN_STYLE = Automatic;
				DEVELOPMENT_TEAM = U38WFWB5D6;
				INFOPLIST_FILE = "GraphQL and REST APIUITests/Info.plist";
				LD_RUNPATH_SEARCH_PATHS = (
					"$(inherited)",
					"@executable_path/Frameworks",
					"@loader_path/Frameworks",
				);
				PRODUCT_BUNDLE_IDENTIFIER = "jp.aryzae.GraphQL-and-REST-APIUITests";
				PRODUCT_NAME = "$(TARGET_NAME)";
				SWIFT_VERSION = 4.2;
				TARGETED_DEVICE_FAMILY = "1,2";
				TEST_TARGET_NAME = "GraphQL and REST API";
			};
			name = Debug;
		};
		C6A7ED7D24348A45002EAE90 /* Release */ = {
			isa = XCBuildConfiguration;
			buildSettings = {
				ALWAYS_EMBED_SWIFT_STANDARD_LIBRARIES = YES;
				CODE_SIGN_STYLE = Automatic;
				DEVELOPMENT_TEAM = U38WFWB5D6;
				INFOPLIST_FILE = "GraphQL and REST APIUITests/Info.plist";
				LD_RUNPATH_SEARCH_PATHS = (
					"$(inherited)",
					"@executable_path/Frameworks",
					"@loader_path/Frameworks",
				);
				PRODUCT_BUNDLE_IDENTIFIER = "jp.aryzae.GraphQL-and-REST-APIUITests";
				PRODUCT_NAME = "$(TARGET_NAME)";
				SWIFT_VERSION = 4.2;
				TARGETED_DEVICE_FAMILY = "1,2";
				TEST_TARGET_NAME = "GraphQL and REST API";
			};
			name = Release;
		};
/* End XCBuildConfiguration section */

/* Begin XCConfigurationList section */
		C6A7ED4624348A44002EAE90 /* Build configuration list for PBXProject "GraphQL and REST API" */ = {
			isa = XCConfigurationList;
			buildConfigurations = (
				C6A7ED7324348A45002EAE90 /* Debug */,
				C6A7ED7424348A45002EAE90 /* Release */,
			);
			defaultConfigurationIsVisible = 0;
			defaultConfigurationName = Release;
		};
		C6A7ED7524348A45002EAE90 /* Build configuration list for PBXNativeTarget "GraphQL and REST API" */ = {
			isa = XCConfigurationList;
			buildConfigurations = (
				C6A7ED7624348A45002EAE90 /* Debug */,
				C6A7ED7724348A45002EAE90 /* Release */,
			);
			defaultConfigurationIsVisible = 0;
			defaultConfigurationName = Release;
		};
		C6A7ED7824348A45002EAE90 /* Build configuration list for PBXNativeTarget "GraphQL and REST APITests" */ = {
			isa = XCConfigurationList;
			buildConfigurations = (
				C6A7ED7924348A45002EAE90 /* Debug */,
				C6A7ED7A24348A45002EAE90 /* Release */,
			);
			defaultConfigurationIsVisible = 0;
			defaultConfigurationName = Release;
		};
		C6A7ED7B24348A45002EAE90 /* Build configuration list for PBXNativeTarget "GraphQL and REST APIUITests" */ = {
			isa = XCConfigurationList;
			buildConfigurations = (
				C6A7ED7C24348A45002EAE90 /* Debug */,
				C6A7ED7D24348A45002EAE90 /* Release */,
			);
			defaultConfigurationIsVisible = 0;
			defaultConfigurationName = Release;
		};
/* End XCConfigurationList section */
	};
	rootObject = C6A7ED4324348A44002EAE90 /* Project object */;
}
